// !$*UTF8*$!
{
	archiveVersion = 1;
	classes = {
	};
	objectVersion = 48;
	objects = {

/* Begin PBXBuildFile section */
		630A005F206586F300851A59 /* EditProfileTableViewController.swift in Sources */ = {isa = PBXBuildFile; fileRef = 630A005E206586F300851A59 /* EditProfileTableViewController.swift */; };
		630D254820700213003FAB62 /* Downloader.swift in Sources */ = {isa = PBXBuildFile; fileRef = 630D254720700213003FAB62 /* Downloader.swift */; };
		630D254A20700A21003FAB62 /* VideoMessage.swift in Sources */ = {isa = PBXBuildFile; fileRef = 630D254920700A21003FAB62 /* VideoMessage.swift */; };
		630D254E20709795003FAB62 /* AudioViewController.swift in Sources */ = {isa = PBXBuildFile; fileRef = 630D254D20709795003FAB62 /* AudioViewController.swift */; };
		6322EEA02055ABD600C74A5C /* RecentChatsTableViewCell.swift in Sources */ = {isa = PBXBuildFile; fileRef = 6322EE9F2055ABD600C74A5C /* RecentChatsTableViewCell.swift */; };
		632BE1F02051BA5800131EB6 /* AppDelegate.swift in Sources */ = {isa = PBXBuildFile; fileRef = 632BE1EF2051BA5800131EB6 /* AppDelegate.swift */; };
		632BE1F52051BA5800131EB6 /* Main.storyboard in Resources */ = {isa = PBXBuildFile; fileRef = 632BE1F32051BA5800131EB6 /* Main.storyboard */; };
		632BE1F72051BA5800131EB6 /* Assets.xcassets in Resources */ = {isa = PBXBuildFile; fileRef = 632BE1F62051BA5800131EB6 /* Assets.xcassets */; };
		632BE1FA2051BA5800131EB6 /* LaunchScreen.storyboard in Resources */ = {isa = PBXBuildFile; fileRef = 632BE1F82051BA5800131EB6 /* LaunchScreen.storyboard */; };
		63353B2D208A248600A3DAF4 /* CallClass.swift in Sources */ = {isa = PBXBuildFile; fileRef = 63353B2C208A248600A3DAF4 /* CallClass.swift */; };
		633CA5C3207BBE8F00C80C4B /* PushNotifications.swift in Sources */ = {isa = PBXBuildFile; fileRef = 633CA5C2207BBE8F00C80C4B /* PushNotifications.swift */; };
		6344EE1C20541FC6009415FB /* GoogleService-Info.plist in Resources */ = {isa = PBXBuildFile; fileRef = 6344EE1B20541FC5009415FB /* GoogleService-Info.plist */; };
		6344EE2220544E5C009415FB /* FinishRegistrationViewController.swift in Sources */ = {isa = PBXBuildFile; fileRef = 6344EE2120544E5C009415FB /* FinishRegistrationViewController.swift */; };
		6344EE2520545D42009415FB /* SettingsViewController.swift in Sources */ = {isa = PBXBuildFile; fileRef = 6344EE2420545D42009415FB /* SettingsViewController.swift */; };
		634553A52094830F00BB2D17 /* CallViewController.swift in Sources */ = {isa = PBXBuildFile; fileRef = 634553A42094830F00BB2D17 /* CallViewController.swift */; };
		634553A92094971700BB2D17 /* ringback.wav in Resources */ = {isa = PBXBuildFile; fileRef = 634553A82094971700BB2D17 /* ringback.wav */; };
		6347221020753E3400F9C17C /* MapViewController.swift in Sources */ = {isa = PBXBuildFile; fileRef = 6347220F20753E3400F9C17C /* MapViewController.swift */; };
		6349A880208F8A1700706246 /* Encryption.swift in Sources */ = {isa = PBXBuildFile; fileRef = 6349A87F208F8A1700706246 /* Encryption.swift */; };
		635D8E4D20552D2A00297A0F /* UserTableViewCell.swift in Sources */ = {isa = PBXBuildFile; fileRef = 635D8E4C20552D2A00297A0F /* UserTableViewCell.swift */; };
		635D8E4F2055679100297A0F /* ChatsViewController.swift in Sources */ = {isa = PBXBuildFile; fileRef = 635D8E4E2055679100297A0F /* ChatsViewController.swift */; };
		635D8E5120557A2800297A0F /* ProfileViewController.swift in Sources */ = {isa = PBXBuildFile; fileRef = 635D8E5020557A2800297A0F /* ProfileViewController.swift */; };
		636C36DB208666E500D12839 /* BackgroundsCollectionViewController.swift in Sources */ = {isa = PBXBuildFile; fileRef = 636C36DA208666E500D12839 /* BackgroundsCollectionViewController.swift */; };
		63798BED207A0793005A0061 /* ContactsViewController.swift in Sources */ = {isa = PBXBuildFile; fileRef = 63798BEC207A0793005A0061 /* ContactsViewController.swift */; };
		63798BEF207A0C95005A0061 /* CountryCode.swift in Sources */ = {isa = PBXBuildFile; fileRef = 63798BEE207A0C95005A0061 /* CountryCode.swift */; };
		6384354E208B0EA1003AA0AC /* CallTableViewCell.swift in Sources */ = {isa = PBXBuildFile; fileRef = 6384354D208B0EA1003AA0AC /* CallTableViewCell.swift */; };
		63843550208B748E003AA0AC /* CallTableViewController.swift in Sources */ = {isa = PBXBuildFile; fileRef = 6384354F208B748E003AA0AC /* CallTableViewController.swift */; };
		638742EA2077FB0A00B4DCB5 /* GroupViewController.swift in Sources */ = {isa = PBXBuildFile; fileRef = 638742E92077FB0A00B4DCB5 /* GroupViewController.swift */; };
		6389AA6F20585A06006EF77A /* Recent.swift in Sources */ = {isa = PBXBuildFile; fileRef = 6389AA6E20585A06006EF77A /* Recent.swift */; };
		6389AA71205EE699006EF77A /* GroupMemberCollectionViewCell.swift in Sources */ = {isa = PBXBuildFile; fileRef = 6389AA70205EE699006EF77A /* GroupMemberCollectionViewCell.swift */; };
		6389AA73205EE6B5006EF77A /* NewGroupViewController.swift in Sources */ = {isa = PBXBuildFile; fileRef = 6389AA72205EE6B5006EF77A /* NewGroupViewController.swift */; };
		638B44C820B039AF00E11BE8 /* PicturesCollectionViewCell.swift in Sources */ = {isa = PBXBuildFile; fileRef = 638B44C720B039AF00E11BE8 /* PicturesCollectionViewCell.swift */; };
		638B44CA20B03A6D00E11BE8 /* PictureMediaCollectionViewController.swift in Sources */ = {isa = PBXBuildFile; fileRef = 638B44C920B03A6D00E11BE8 /* PictureMediaCollectionViewController.swift */; };
		638CB03B2171F45D003C31FF /* DBMessages.swift in Sources */ = {isa = PBXBuildFile; fileRef = 638CB03A2171F45D003C31FF /* DBMessages.swift */; };
		638D60E420B72C92004950D4 /* AVFoundation.framework in Frameworks */ = {isa = PBXBuildFile; fileRef = 638D60E320B72C92004950D4 /* AVFoundation.framework */; };
		638D60E620B72CB0004950D4 /* QuartzCore.framework in Frameworks */ = {isa = PBXBuildFile; fileRef = 638D60E520B72CB0004950D4 /* QuartzCore.framework */; };
		638F3A7421021C8100DCCC07 /* Localizable.strings in Resources */ = {isa = PBXBuildFile; fileRef = 638F3A7321021C8100DCCC07 /* Localizable.strings */; };
		639344812078BC66002BDF8A /* InviteUserTableViewController.swift in Sources */ = {isa = PBXBuildFile; fileRef = 639344802078BC66002BDF8A /* InviteUserTableViewController.swift */; };
		6398B175214E3FD80073DDE2 /* PhotoAlbum.swift in Sources */ = {isa = PBXBuildFile; fileRef = 6398B174214E3FD80073DDE2 /* PhotoAlbum.swift */; };
		639D06E1209851E100879C3C /* SINCallKitProvider.swift in Sources */ = {isa = PBXBuildFile; fileRef = 639D06E0209851E100879C3C /* SINCallKitProvider.swift */; };
		639D06E3209853DE00879C3C /* AudioControllDelegate.swift in Sources */ = {isa = PBXBuildFile; fileRef = 639D06E2209853DE00879C3C /* AudioControllDelegate.swift */; };
		63A51202206034A200F3EF31 /* Group.swift in Sources */ = {isa = PBXBuildFile; fileRef = 63A51201206034A200F3EF31 /* Group.swift */; };
		63B3A0DD2196CE5F00EC2E6E /* AnimationManager.swift in Sources */ = {isa = PBXBuildFile; fileRef = 63B3A0DC2196CE5F00EC2E6E /* AnimationManager.swift */; };
		63B68E3320667EA00017B6B7 /* BlockedUsersViewController.swift in Sources */ = {isa = PBXBuildFile; fileRef = 63B68E3220667EA00017B6B7 /* BlockedUsersViewController.swift */; };
		63B6E6AC20FF8FB300FE6D2A /* RNCryptor.framework in Frameworks */ = {isa = PBXBuildFile; fileRef = 63B6E6AB20FF8FB300FE6D2A /* RNCryptor.framework */; };
		63BC16FF21976AE2008AA31C /* incoming.wav in Resources */ = {isa = PBXBuildFile; fileRef = 63BC16FE21976AE2008AA31C /* incoming.wav */; };
		63C343532051BBF500C6985B /* FUser.swift in Sources */ = {isa = PBXBuildFile; fileRef = 63C343522051BBF500C6985B /* FUser.swift */; };
		63C343552051BC5500C6985B /* Constants.swift in Sources */ = {isa = PBXBuildFile; fileRef = 63C343542051BC5500C6985B /* Constants.swift */; };
		63C343572051BC7E00C6985B /* HelperFunctions.swift in Sources */ = {isa = PBXBuildFile; fileRef = 63C343562051BC7E00C6985B /* HelperFunctions.swift */; };
		63D44F2A20B1B03900C5B397 /* PushKit.framework in Frameworks */ = {isa = PBXBuildFile; fileRef = 63D44F2920B1B03900C5B397 /* PushKit.framework */; };
		63D44F2C20B1B04300C5B397 /* CallKit.framework in Frameworks */ = {isa = PBXBuildFile; fileRef = 63D44F2B20B1B04300C5B397 /* CallKit.framework */; };
		63D492F420675FB6007C19CA /* UsersTableViewController.swift in Sources */ = {isa = PBXBuildFile; fileRef = 63D492F320675FB6007C19CA /* UsersTableViewController.swift */; };
		63D492F720679945007C19CA /* ChatViewController.swift in Sources */ = {isa = PBXBuildFile; fileRef = 63D492F620679945007C19CA /* ChatViewController.swift */; };
		63D492F920696CDE007C19CA /* Camera.swift in Sources */ = {isa = PBXBuildFile; fileRef = 63D492F820696CDE007C19CA /* Camera.swift */; };
		63D492FB206AAC7E007C19CA /* OutgoingMessage.swift in Sources */ = {isa = PBXBuildFile; fileRef = 63D492FA206AAC7E007C19CA /* OutgoingMessage.swift */; };
		63D492FD206AB13C007C19CA /* IncomingMessage.swift in Sources */ = {isa = PBXBuildFile; fileRef = 63D492FC206AB13C007C19CA /* IncomingMessage.swift */; };
		63E3F27120B1E10600E6E569 /* PhotoMediaItem.swift in Sources */ = {isa = PBXBuildFile; fileRef = 63E3F27020B1E10600E6E569 /* PhotoMediaItem.swift */; };
		63F7D8A0209CD0F8004CB6BD /* Badges.swift in Sources */ = {isa = PBXBuildFile; fileRef = 63F7D89F209CD0F7004CB6BD /* Badges.swift */; };
		63F7D8A2209CE077004CB6BD /* PhoneNumberLoginViewController.swift in Sources */ = {isa = PBXBuildFile; fileRef = 63F7D8A1209CE077004CB6BD /* PhoneNumberLoginViewController.swift */; };
		63FC55B0209F2F2E00A43237 /* FCollectionReference.swift in Sources */ = {isa = PBXBuildFile; fileRef = 63FC55AF209F2F2E00A43237 /* FCollectionReference.swift */; };
		63FFDEF12088FE33005F9033 /* BackgroundImageCollectionViewCell.swift in Sources */ = {isa = PBXBuildFile; fileRef = 63FFDEF02088FE33005F9033 /* BackgroundImageCollectionViewCell.swift */; };
		86AAD777BDB76A8FAD6B71C1 /* Pods_WChat.framework in Frameworks */ = {isa = PBXBuildFile; fileRef = B4893B57284A37EEC51CCE32 /* Pods_WChat.framework */; };
/* End PBXBuildFile section */

/* Begin PBXFileReference section */
		630A005E206586F300851A59 /* EditProfileTableViewController.swift */ = {isa = PBXFileReference; lastKnownFileType = sourcecode.swift; path = EditProfileTableViewController.swift; sourceTree = "<group>"; };
		630D254720700213003FAB62 /* Downloader.swift */ = {isa = PBXFileReference; lastKnownFileType = sourcecode.swift; path = Downloader.swift; sourceTree = "<group>"; };
		630D254920700A21003FAB62 /* VideoMessage.swift */ = {isa = PBXFileReference; lastKnownFileType = sourcecode.swift; path = VideoMessage.swift; sourceTree = "<group>"; };
		630D254D20709795003FAB62 /* AudioViewController.swift */ = {isa = PBXFileReference; lastKnownFileType = sourcecode.swift; path = AudioViewController.swift; sourceTree = "<group>"; };
		6322EE9F2055ABD600C74A5C /* RecentChatsTableViewCell.swift */ = {isa = PBXFileReference; lastKnownFileType = sourcecode.swift; path = RecentChatsTableViewCell.swift; sourceTree = "<group>"; };
		632BE1EC2051BA5800131EB6 /* WChat.app */ = {isa = PBXFileReference; explicitFileType = wrapper.application; includeInIndex = 0; path = WChat.app; sourceTree = BUILT_PRODUCTS_DIR; };
		632BE1EF2051BA5800131EB6 /* AppDelegate.swift */ = {isa = PBXFileReference; lastKnownFileType = sourcecode.swift; path = AppDelegate.swift; sourceTree = "<group>"; };
		632BE1F42051BA5800131EB6 /* Base */ = {isa = PBXFileReference; lastKnownFileType = file.storyboard; name = Base; path = Base.lproj/Main.storyboard; sourceTree = "<group>"; };
		632BE1F62051BA5800131EB6 /* Assets.xcassets */ = {isa = PBXFileReference; lastKnownFileType = folder.assetcatalog; path = Assets.xcassets; sourceTree = "<group>"; };
		632BE1F92051BA5800131EB6 /* Base */ = {isa = PBXFileReference; lastKnownFileType = file.storyboard; name = Base; path = Base.lproj/LaunchScreen.storyboard; sourceTree = "<group>"; };
		632BE1FB2051BA5800131EB6 /* Info.plist */ = {isa = PBXFileReference; lastKnownFileType = text.plist.xml; path = Info.plist; sourceTree = "<group>"; };
		63353B2C208A248600A3DAF4 /* CallClass.swift */ = {isa = PBXFileReference; lastKnownFileType = sourcecode.swift; path = CallClass.swift; sourceTree = "<group>"; };
		633CA5C1207BB88600C80C4B /* WChat.entitlements */ = {isa = PBXFileReference; lastKnownFileType = text.plist.entitlements; path = WChat.entitlements; sourceTree = "<group>"; };
		633CA5C2207BBE8F00C80C4B /* PushNotifications.swift */ = {isa = PBXFileReference; lastKnownFileType = sourcecode.swift; path = PushNotifications.swift; sourceTree = "<group>"; };
		6344EE1B20541FC5009415FB /* GoogleService-Info.plist */ = {isa = PBXFileReference; fileEncoding = 4; lastKnownFileType = text.plist.xml; path = "GoogleService-Info.plist"; sourceTree = "<group>"; };
		6344EE2120544E5C009415FB /* FinishRegistrationViewController.swift */ = {isa = PBXFileReference; lastKnownFileType = sourcecode.swift; path = FinishRegistrationViewController.swift; sourceTree = "<group>"; };
		6344EE2420545D42009415FB /* SettingsViewController.swift */ = {isa = PBXFileReference; lastKnownFileType = sourcecode.swift; path = SettingsViewController.swift; sourceTree = "<group>"; };
		634553A42094830F00BB2D17 /* CallViewController.swift */ = {isa = PBXFileReference; lastKnownFileType = sourcecode.swift; path = CallViewController.swift; sourceTree = "<group>"; };
		634553A6209484AB00BB2D17 /* WChat-Bridging-Header.h */ = {isa = PBXFileReference; lastKnownFileType = sourcecode.c.h; path = "WChat-Bridging-Header.h"; sourceTree = "<group>"; };
		634553A82094971700BB2D17 /* ringback.wav */ = {isa = PBXFileReference; lastKnownFileType = audio.wav; path = ringback.wav; sourceTree = "<group>"; };
		6347220F20753E3400F9C17C /* MapViewController.swift */ = {isa = PBXFileReference; lastKnownFileType = sourcecode.swift; path = MapViewController.swift; sourceTree = "<group>"; };
		6349A87F208F8A1700706246 /* Encryption.swift */ = {isa = PBXFileReference; lastKnownFileType = sourcecode.swift; path = Encryption.swift; sourceTree = "<group>"; };
		6349A881208F8A6700706246 /* RNCryptor.framework */ = {isa = PBXFileReference; explicitFileType = wrapper.framework; path = RNCryptor.framework; sourceTree = BUILT_PRODUCTS_DIR; };
		635D8E4C20552D2A00297A0F /* UserTableViewCell.swift */ = {isa = PBXFileReference; lastKnownFileType = sourcecode.swift; path = UserTableViewCell.swift; sourceTree = "<group>"; };
		635D8E4E2055679100297A0F /* ChatsViewController.swift */ = {isa = PBXFileReference; lastKnownFileType = sourcecode.swift; path = ChatsViewController.swift; sourceTree = "<group>"; };
		635D8E5020557A2800297A0F /* ProfileViewController.swift */ = {isa = PBXFileReference; lastKnownFileType = sourcecode.swift; path = ProfileViewController.swift; sourceTree = "<group>"; };
		636C36DA208666E500D12839 /* BackgroundsCollectionViewController.swift */ = {isa = PBXFileReference; lastKnownFileType = sourcecode.swift; path = BackgroundsCollectionViewController.swift; sourceTree = "<group>"; };
		63798BEC207A0793005A0061 /* ContactsViewController.swift */ = {isa = PBXFileReference; lastKnownFileType = sourcecode.swift; path = ContactsViewController.swift; sourceTree = "<group>"; };
		63798BEE207A0C95005A0061 /* CountryCode.swift */ = {isa = PBXFileReference; lastKnownFileType = sourcecode.swift; path = CountryCode.swift; sourceTree = "<group>"; };
		6384354D208B0EA1003AA0AC /* CallTableViewCell.swift */ = {isa = PBXFileReference; lastKnownFileType = sourcecode.swift; path = CallTableViewCell.swift; sourceTree = "<group>"; };
		6384354F208B748E003AA0AC /* CallTableViewController.swift */ = {isa = PBXFileReference; lastKnownFileType = sourcecode.swift; path = CallTableViewController.swift; sourceTree = "<group>"; };
		638742E92077FB0A00B4DCB5 /* GroupViewController.swift */ = {isa = PBXFileReference; lastKnownFileType = sourcecode.swift; path = GroupViewController.swift; sourceTree = "<group>"; };
		6389AA6E20585A06006EF77A /* Recent.swift */ = {isa = PBXFileReference; lastKnownFileType = sourcecode.swift; path = Recent.swift; sourceTree = "<group>"; };
		6389AA70205EE699006EF77A /* GroupMemberCollectionViewCell.swift */ = {isa = PBXFileReference; lastKnownFileType = sourcecode.swift; path = GroupMemberCollectionViewCell.swift; sourceTree = "<group>"; };
		6389AA72205EE6B5006EF77A /* NewGroupViewController.swift */ = {isa = PBXFileReference; lastKnownFileType = sourcecode.swift; path = NewGroupViewController.swift; sourceTree = "<group>"; };
		638B44C720B039AF00E11BE8 /* PicturesCollectionViewCell.swift */ = {isa = PBXFileReference; lastKnownFileType = sourcecode.swift; path = PicturesCollectionViewCell.swift; sourceTree = "<group>"; };
		638B44C920B03A6D00E11BE8 /* PictureMediaCollectionViewController.swift */ = {isa = PBXFileReference; lastKnownFileType = sourcecode.swift; path = PictureMediaCollectionViewController.swift; sourceTree = "<group>"; };
		638CB03A2171F45D003C31FF /* DBMessages.swift */ = {isa = PBXFileReference; lastKnownFileType = sourcecode.swift; path = DBMessages.swift; sourceTree = "<group>"; };
		638D60E320B72C92004950D4 /* AVFoundation.framework */ = {isa = PBXFileReference; lastKnownFileType = wrapper.framework; name = AVFoundation.framework; path = System/Library/Frameworks/AVFoundation.framework; sourceTree = SDKROOT; };
		638D60E520B72CB0004950D4 /* QuartzCore.framework */ = {isa = PBXFileReference; lastKnownFileType = wrapper.framework; name = QuartzCore.framework; path = System/Library/Frameworks/QuartzCore.framework; sourceTree = SDKROOT; };
		638F3A7321021C8100DCCC07 /* Localizable.strings */ = {isa = PBXFileReference; lastKnownFileType = text.plist.strings; path = Localizable.strings; sourceTree = "<group>"; };
		639344802078BC66002BDF8A /* InviteUserTableViewController.swift */ = {isa = PBXFileReference; lastKnownFileType = sourcecode.swift; path = InviteUserTableViewController.swift; sourceTree = "<group>"; };
		6398B174214E3FD80073DDE2 /* PhotoAlbum.swift */ = {isa = PBXFileReference; lastKnownFileType = sourcecode.swift; path = PhotoAlbum.swift; sourceTree = "<group>"; };
		639D06E0209851E100879C3C /* SINCallKitProvider.swift */ = {isa = PBXFileReference; lastKnownFileType = sourcecode.swift; path = SINCallKitProvider.swift; sourceTree = "<group>"; };
		639D06E2209853DE00879C3C /* AudioControllDelegate.swift */ = {isa = PBXFileReference; lastKnownFileType = sourcecode.swift; path = AudioControllDelegate.swift; sourceTree = "<group>"; };
		63A51201206034A200F3EF31 /* Group.swift */ = {isa = PBXFileReference; lastKnownFileType = sourcecode.swift; path = Group.swift; sourceTree = "<group>"; };
		63B3A0DC2196CE5F00EC2E6E /* AnimationManager.swift */ = {isa = PBXFileReference; lastKnownFileType = sourcecode.swift; path = AnimationManager.swift; sourceTree = "<group>"; };
		63B68E3220667EA00017B6B7 /* BlockedUsersViewController.swift */ = {isa = PBXFileReference; lastKnownFileType = sourcecode.swift; path = BlockedUsersViewController.swift; sourceTree = "<group>"; };
		63B6E6AB20FF8FB300FE6D2A /* RNCryptor.framework */ = {isa = PBXFileReference; explicitFileType = wrapper.framework; path = RNCryptor.framework; sourceTree = BUILT_PRODUCTS_DIR; };
		63BC16FE21976AE2008AA31C /* incoming.wav */ = {isa = PBXFileReference; lastKnownFileType = audio.wav; path = incoming.wav; sourceTree = "<group>"; };
		63C343522051BBF500C6985B /* FUser.swift */ = {isa = PBXFileReference; lastKnownFileType = sourcecode.swift; path = FUser.swift; sourceTree = "<group>"; };
		63C343542051BC5500C6985B /* Constants.swift */ = {isa = PBXFileReference; lastKnownFileType = sourcecode.swift; path = Constants.swift; sourceTree = "<group>"; };
		63C343562051BC7E00C6985B /* HelperFunctions.swift */ = {isa = PBXFileReference; lastKnownFileType = sourcecode.swift; path = HelperFunctions.swift; sourceTree = "<group>"; };
		63D44F2920B1B03900C5B397 /* PushKit.framework */ = {isa = PBXFileReference; lastKnownFileType = wrapper.framework; name = PushKit.framework; path = System/Library/Frameworks/PushKit.framework; sourceTree = SDKROOT; };
		63D44F2B20B1B04300C5B397 /* CallKit.framework */ = {isa = PBXFileReference; lastKnownFileType = wrapper.framework; name = CallKit.framework; path = System/Library/Frameworks/CallKit.framework; sourceTree = SDKROOT; };
		63D492F320675FB6007C19CA /* UsersTableViewController.swift */ = {isa = PBXFileReference; lastKnownFileType = sourcecode.swift; path = UsersTableViewController.swift; sourceTree = "<group>"; };
		63D492F620679945007C19CA /* ChatViewController.swift */ = {isa = PBXFileReference; lastKnownFileType = sourcecode.swift; path = ChatViewController.swift; sourceTree = "<group>"; };
		63D492F820696CDE007C19CA /* Camera.swift */ = {isa = PBXFileReference; lastKnownFileType = sourcecode.swift; path = Camera.swift; sourceTree = "<group>"; };
		63D492FA206AAC7E007C19CA /* OutgoingMessage.swift */ = {isa = PBXFileReference; lastKnownFileType = sourcecode.swift; path = OutgoingMessage.swift; sourceTree = "<group>"; };
		63D492FC206AB13C007C19CA /* IncomingMessage.swift */ = {isa = PBXFileReference; lastKnownFileType = sourcecode.swift; path = IncomingMessage.swift; sourceTree = "<group>"; };
		63E3F27020B1E10600E6E569 /* PhotoMediaItem.swift */ = {isa = PBXFileReference; lastKnownFileType = sourcecode.swift; path = PhotoMediaItem.swift; sourceTree = "<group>"; };
		63F7D89F209CD0F7004CB6BD /* Badges.swift */ = {isa = PBXFileReference; lastKnownFileType = sourcecode.swift; path = Badges.swift; sourceTree = "<group>"; };
		63F7D8A1209CE077004CB6BD /* PhoneNumberLoginViewController.swift */ = {isa = PBXFileReference; lastKnownFileType = sourcecode.swift; path = PhoneNumberLoginViewController.swift; sourceTree = "<group>"; };
		63FC55AF209F2F2E00A43237 /* FCollectionReference.swift */ = {isa = PBXFileReference; lastKnownFileType = sourcecode.swift; path = FCollectionReference.swift; sourceTree = "<group>"; };
		63FFDEF02088FE33005F9033 /* BackgroundImageCollectionViewCell.swift */ = {isa = PBXFileReference; lastKnownFileType = sourcecode.swift; path = BackgroundImageCollectionViewCell.swift; sourceTree = "<group>"; };
		B4893B57284A37EEC51CCE32 /* Pods_WChat.framework */ = {isa = PBXFileReference; explicitFileType = wrapper.framework; includeInIndex = 0; path = Pods_WChat.framework; sourceTree = BUILT_PRODUCTS_DIR; };
		D352BB2F037A433C152E56AF /* Pods-WChat.debug.xcconfig */ = {isa = PBXFileReference; includeInIndex = 1; lastKnownFileType = text.xcconfig; name = "Pods-WChat.debug.xcconfig"; path = "Pods/Target Support Files/Pods-WChat/Pods-WChat.debug.xcconfig"; sourceTree = "<group>"; };
		D80FC7BE8A527DD068885808 /* Pods-WChat.release.xcconfig */ = {isa = PBXFileReference; includeInIndex = 1; lastKnownFileType = text.xcconfig; name = "Pods-WChat.release.xcconfig"; path = "Pods/Target Support Files/Pods-WChat/Pods-WChat.release.xcconfig"; sourceTree = "<group>"; };
/* End PBXFileReference section */

/* Begin PBXFrameworksBuildPhase section */
		632BE1E92051BA5800131EB6 /* Frameworks */ = {
			isa = PBXFrameworksBuildPhase;
			buildActionMask = 2147483647;
			files = (
				63B6E6AC20FF8FB300FE6D2A /* RNCryptor.framework in Frameworks */,
				638D60E620B72CB0004950D4 /* QuartzCore.framework in Frameworks */,
				638D60E420B72C92004950D4 /* AVFoundation.framework in Frameworks */,
				63D44F2C20B1B04300C5B397 /* CallKit.framework in Frameworks */,
				63D44F2A20B1B03900C5B397 /* PushKit.framework in Frameworks */,
				86AAD777BDB76A8FAD6B71C1 /* Pods_WChat.framework in Frameworks */,
			);
			runOnlyForDeploymentPostprocessing = 0;
		};
/* End PBXFrameworksBuildPhase section */

/* Begin PBXGroup section */
		324459C63FC74F05115807BB /* Frameworks */ = {
			isa = PBXGroup;
			children = (
				63B6E6AB20FF8FB300FE6D2A /* RNCryptor.framework */,
				638D60E520B72CB0004950D4 /* QuartzCore.framework */,
				638D60E320B72C92004950D4 /* AVFoundation.framework */,
				63D44F2B20B1B04300C5B397 /* CallKit.framework */,
				63D44F2920B1B03900C5B397 /* PushKit.framework */,
				6349A881208F8A6700706246 /* RNCryptor.framework */,
				B4893B57284A37EEC51CCE32 /* Pods_WChat.framework */,
			);
			name = Frameworks;
			sourceTree = "<group>";
		};
		6322EE9E2055ABB300C74A5C /* CustomCells */ = {
			isa = PBXGroup;
			children = (
				635D8E4C20552D2A00297A0F /* UserTableViewCell.swift */,
				6322EE9F2055ABD600C74A5C /* RecentChatsTableViewCell.swift */,
				6389AA70205EE699006EF77A /* GroupMemberCollectionViewCell.swift */,
				63FFDEF02088FE33005F9033 /* BackgroundImageCollectionViewCell.swift */,
				6384354D208B0EA1003AA0AC /* CallTableViewCell.swift */,
				638B44C720B039AF00E11BE8 /* PicturesCollectionViewCell.swift */,
			);
			path = CustomCells;
			sourceTree = "<group>";
		};
		632BE1E32051BA5800131EB6 = {
			isa = PBXGroup;
			children = (
				632BE1EE2051BA5800131EB6 /* WChat */,
				632BE1ED2051BA5800131EB6 /* Products */,
				863C61EE247C705E4B738073 /* Pods */,
				324459C63FC74F05115807BB /* Frameworks */,
			);
			sourceTree = "<group>";
		};
		632BE1ED2051BA5800131EB6 /* Products */ = {
			isa = PBXGroup;
			children = (
				632BE1EC2051BA5800131EB6 /* WChat.app */,
			);
			name = Products;
			sourceTree = "<group>";
		};
		632BE1EE2051BA5800131EB6 /* WChat */ = {
			isa = PBXGroup;
			children = (
				633CA5C1207BB88600C80C4B /* WChat.entitlements */,
				632BE1EF2051BA5800131EB6 /* AppDelegate.swift */,
				638E617821243EE10068C2ED /* CallKit */,
				63353B2B208A244B00A3DAF4 /* Main Views */,
				63D492F5206797D9007C19CA /* Secondary Views */,
				6344EE2320545D30009415FB /* Welcome */,
				63B68E3420667EE40017B6B7 /* Settings */,
				638CB0392171F434003C31FF /* LocalDB */,
				6322EE9E2055ABB300C74A5C /* CustomCells */,
				6344EE1E2054221B009415FB /* Classes */,
				6344EE1D20542211009415FB /* Helpers */,
				63BC16FD21971D6B008AA31C /* StoryBoards */,
				632BE1F62051BA5800131EB6 /* Assets.xcassets */,
				63BC16FE21976AE2008AA31C /* incoming.wav */,
				634553A82094971700BB2D17 /* ringback.wav */,
				632BE1FB2051BA5800131EB6 /* Info.plist */,
				6344EE1B20541FC5009415FB /* GoogleService-Info.plist */,
				634553A6209484AB00BB2D17 /* WChat-Bridging-Header.h */,
			);
			path = WChat;
			sourceTree = "<group>";
		};
		63353B2B208A244B00A3DAF4 /* Main Views */ = {
			isa = PBXGroup;
			children = (
				635D8E4E2055679100297A0F /* ChatsViewController.swift */,
				63798BEC207A0793005A0061 /* ContactsViewController.swift */,
				6384354F208B748E003AA0AC /* CallTableViewController.swift */,
			);
			path = "Main Views";
			sourceTree = "<group>";
		};
		6344EE1D20542211009415FB /* Helpers */ = {
			isa = PBXGroup;
			children = (
				63C343542051BC5500C6985B /* Constants.swift */,
				63FC55AF209F2F2E00A43237 /* FCollectionReference.swift */,
				633CA5C2207BBE8F00C80C4B /* PushNotifications.swift */,
				630D254720700213003FAB62 /* Downloader.swift */,
				63C343562051BC7E00C6985B /* HelperFunctions.swift */,
				63D492F820696CDE007C19CA /* Camera.swift */,
				63798BEE207A0C95005A0061 /* CountryCode.swift */,
				6349A87F208F8A1700706246 /* Encryption.swift */,
				63F7D89F209CD0F7004CB6BD /* Badges.swift */,
				638F3A7321021C8100DCCC07 /* Localizable.strings */,
			);
			path = Helpers;
			sourceTree = "<group>";
		};
		6344EE1E2054221B009415FB /* Classes */ = {
			isa = PBXGroup;
			children = (
				63D492FA206AAC7E007C19CA /* OutgoingMessage.swift */,
				63D492FC206AB13C007C19CA /* IncomingMessage.swift */,
				630D254920700A21003FAB62 /* VideoMessage.swift */,
				630D254D20709795003FAB62 /* AudioViewController.swift */,
				63C343522051BBF500C6985B /* FUser.swift */,
				6389AA6E20585A06006EF77A /* Recent.swift */,
				63A51201206034A200F3EF31 /* Group.swift */,
				63353B2C208A248600A3DAF4 /* CallClass.swift */,
				63E3F27020B1E10600E6E569 /* PhotoMediaItem.swift */,
				6398B174214E3FD80073DDE2 /* PhotoAlbum.swift */,
				63B3A0DC2196CE5F00EC2E6E /* AnimationManager.swift */,
			);
			path = Classes;
			sourceTree = "<group>";
		};
		6344EE2320545D30009415FB /* Welcome */ = {
			isa = PBXGroup;
			children = (
				6344EE2120544E5C009415FB /* FinishRegistrationViewController.swift */,
				63F7D8A1209CE077004CB6BD /* PhoneNumberLoginViewController.swift */,
			);
			path = Welcome;
			sourceTree = "<group>";
		};
		638CB0392171F434003C31FF /* LocalDB */ = {
			isa = PBXGroup;
			children = (
				638CB03A2171F45D003C31FF /* DBMessages.swift */,
			);
			name = LocalDB;
			path = CustomCells;
			sourceTree = "<group>";
		};
		638E617821243EE10068C2ED /* CallKit */ = {
			isa = PBXGroup;
			children = (
				639D06E0209851E100879C3C /* SINCallKitProvider.swift */,
				639D06E2209853DE00879C3C /* AudioControllDelegate.swift */,
			);
			path = CallKit;
			sourceTree = "<group>";
		};
		63B68E3420667EE40017B6B7 /* Settings */ = {
			isa = PBXGroup;
			children = (
				6344EE2420545D42009415FB /* SettingsViewController.swift */,
				630A005E206586F300851A59 /* EditProfileTableViewController.swift */,
				63B68E3220667EA00017B6B7 /* BlockedUsersViewController.swift */,
				636C36DA208666E500D12839 /* BackgroundsCollectionViewController.swift */,
			);
			path = Settings;
			sourceTree = "<group>";
		};
		63BC16FD21971D6B008AA31C /* StoryBoards */ = {
			isa = PBXGroup;
			children = (
				632BE1F32051BA5800131EB6 /* Main.storyboard */,
				632BE1F82051BA5800131EB6 /* LaunchScreen.storyboard */,
			);
			path = StoryBoards;
			sourceTree = "<group>";
		};
		63D492F5206797D9007C19CA /* Secondary Views */ = {
			isa = PBXGroup;
			children = (
				63D492F320675FB6007C19CA /* UsersTableViewController.swift */,
				63D492F620679945007C19CA /* ChatViewController.swift */,
				635D8E5020557A2800297A0F /* ProfileViewController.swift */,
				6389AA72205EE6B5006EF77A /* NewGroupViewController.swift */,
				638742E92077FB0A00B4DCB5 /* GroupViewController.swift */,
				639344802078BC66002BDF8A /* InviteUserTableViewController.swift */,
				6347220F20753E3400F9C17C /* MapViewController.swift */,
				634553A42094830F00BB2D17 /* CallViewController.swift */,
				638B44C920B03A6D00E11BE8 /* PictureMediaCollectionViewController.swift */,
			);
			name = "Secondary Views";
			sourceTree = "<group>";
		};
		863C61EE247C705E4B738073 /* Pods */ = {
			isa = PBXGroup;
			children = (
				D352BB2F037A433C152E56AF /* Pods-WChat.debug.xcconfig */,
				D80FC7BE8A527DD068885808 /* Pods-WChat.release.xcconfig */,
			);
			name = Pods;
			sourceTree = "<group>";
		};
/* End PBXGroup section */

/* Begin PBXNativeTarget section */
		632BE1EB2051BA5800131EB6 /* WChat */ = {
			isa = PBXNativeTarget;
			buildConfigurationList = 632BE1FE2051BA5800131EB6 /* Build configuration list for PBXNativeTarget "WChat" */;
			buildPhases = (
				D4300F289FD97D096F710B23 /* [CP] Check Pods Manifest.lock */,
				632BE1E82051BA5800131EB6 /* Sources */,
				632BE1E92051BA5800131EB6 /* Frameworks */,
				632BE1EA2051BA5800131EB6 /* Resources */,
				A429AF8842BFA6F32ACF1BD9 /* [CP] Embed Pods Frameworks */,
			);
			buildRules = (
			);
			dependencies = (
			);
			name = WChat;
			productName = WChat;
			productReference = 632BE1EC2051BA5800131EB6 /* WChat.app */;
			productType = "com.apple.product-type.application";
		};
/* End PBXNativeTarget section */

/* Begin PBXProject section */
		632BE1E42051BA5800131EB6 /* Project object */ = {
			isa = PBXProject;
			attributes = {
				LastSwiftUpdateCheck = 0920;
				LastUpgradeCheck = 0920;
				ORGANIZATIONNAME = "David Kababyan";
				TargetAttributes = {
					632BE1EB2051BA5800131EB6 = {
						CreatedOnToolsVersion = 9.2;
						LastSwiftMigration = 0930;
						ProvisioningStyle = Automatic;
						SystemCapabilities = {
							com.apple.Push = {
								enabled = 1;
							};
						};
					};
				};
			};
			buildConfigurationList = 632BE1E72051BA5800131EB6 /* Build configuration list for PBXProject "WChat" */;
			compatibilityVersion = "Xcode 8.0";
			developmentRegion = en;
			hasScannedForEncodings = 0;
			knownRegions = (
				en,
				Base,
			);
			mainGroup = 632BE1E32051BA5800131EB6;
			productRefGroup = 632BE1ED2051BA5800131EB6 /* Products */;
			projectDirPath = "";
			projectRoot = "";
			targets = (
				632BE1EB2051BA5800131EB6 /* WChat */,
			);
		};
/* End PBXProject section */

/* Begin PBXResourcesBuildPhase section */
		632BE1EA2051BA5800131EB6 /* Resources */ = {
			isa = PBXResourcesBuildPhase;
			buildActionMask = 2147483647;
			files = (
				632BE1FA2051BA5800131EB6 /* LaunchScreen.storyboard in Resources */,
				6344EE1C20541FC6009415FB /* GoogleService-Info.plist in Resources */,
				63BC16FF21976AE2008AA31C /* incoming.wav in Resources */,
				634553A92094971700BB2D17 /* ringback.wav in Resources */,
				638F3A7421021C8100DCCC07 /* Localizable.strings in Resources */,
				632BE1F72051BA5800131EB6 /* Assets.xcassets in Resources */,
				632BE1F52051BA5800131EB6 /* Main.storyboard in Resources */,
			);
			runOnlyForDeploymentPostprocessing = 0;
		};
/* End PBXResourcesBuildPhase section */

/* Begin PBXShellScriptBuildPhase section */
		A429AF8842BFA6F32ACF1BD9 /* [CP] Embed Pods Frameworks */ = {
			isa = PBXShellScriptBuildPhase;
			buildActionMask = 2147483647;
			files = (
			);
			inputPaths = (
				"${SRCROOT}/Pods/Target Support Files/Pods-WChat/Pods-WChat-frameworks.sh",
				"${BUILT_PRODUCTS_DIR}/BoringSSL/openssl.framework",
				"${BUILT_PRODUCTS_DIR}/DACircularProgress/DACircularProgress.framework",
				"${BUILT_PRODUCTS_DIR}/GTMSessionFetcher/GTMSessionFetcher.framework",
				"${BUILT_PRODUCTS_DIR}/GoogleToolboxForMac/GoogleToolboxForMac.framework",
				"${BUILT_PRODUCTS_DIR}/IDMPhotoBrowser/IDMPhotoBrowser.framework",
				"${BUILT_PRODUCTS_DIR}/IQAudioRecorderController/IQAudioRecorderController.framework",
				"${BUILT_PRODUCTS_DIR}/ImagePicker/ImagePicker.framework",
				"${BUILT_PRODUCTS_DIR}/JSQMessagesViewController/JSQMessagesViewController.framework",
				"${BUILT_PRODUCTS_DIR}/JSQSystemSoundPlayer/JSQSystemSoundPlayer.framework",
				"${BUILT_PRODUCTS_DIR}/MBProgressHUD/MBProgressHUD.framework",
				"${BUILT_PRODUCTS_DIR}/ProgressHUD/ProgressHUD.framework",
				"${BUILT_PRODUCTS_DIR}/Protobuf/Protobuf.framework",
				"${BUILT_PRODUCTS_DIR}/RNCryptor/RNCryptor.framework",
				"${BUILT_PRODUCTS_DIR}/Realm/Realm.framework",
				"${BUILT_PRODUCTS_DIR}/RealmSwift/RealmSwift.framework",
				"${BUILT_PRODUCTS_DIR}/SCSiriWaveformView/SCSiriWaveformView.framework",
				"${BUILT_PRODUCTS_DIR}/SDWebImage/SDWebImage.framework",
				"${BUILT_PRODUCTS_DIR}/gRPC/GRPCClient.framework",
				"${BUILT_PRODUCTS_DIR}/gRPC-Core/grpc.framework",
				"${BUILT_PRODUCTS_DIR}/gRPC-ProtoRPC/ProtoRPC.framework",
				"${BUILT_PRODUCTS_DIR}/gRPC-RxLibrary/RxLibrary.framework",
				"${BUILT_PRODUCTS_DIR}/leveldb-library/leveldb.framework",
				"${BUILT_PRODUCTS_DIR}/nanopb/nanopb.framework",
				"${BUILT_PRODUCTS_DIR}/pop/pop.framework",
			);
			name = "[CP] Embed Pods Frameworks";
			outputPaths = (
				"${TARGET_BUILD_DIR}/${FRAMEWORKS_FOLDER_PATH}/openssl.framework",
				"${TARGET_BUILD_DIR}/${FRAMEWORKS_FOLDER_PATH}/DACircularProgress.framework",
				"${TARGET_BUILD_DIR}/${FRAMEWORKS_FOLDER_PATH}/GTMSessionFetcher.framework",
				"${TARGET_BUILD_DIR}/${FRAMEWORKS_FOLDER_PATH}/GoogleToolboxForMac.framework",
				"${TARGET_BUILD_DIR}/${FRAMEWORKS_FOLDER_PATH}/IDMPhotoBrowser.framework",
				"${TARGET_BUILD_DIR}/${FRAMEWORKS_FOLDER_PATH}/IQAudioRecorderController.framework",
				"${TARGET_BUILD_DIR}/${FRAMEWORKS_FOLDER_PATH}/ImagePicker.framework",
				"${TARGET_BUILD_DIR}/${FRAMEWORKS_FOLDER_PATH}/JSQMessagesViewController.framework",
				"${TARGET_BUILD_DIR}/${FRAMEWORKS_FOLDER_PATH}/JSQSystemSoundPlayer.framework",
				"${TARGET_BUILD_DIR}/${FRAMEWORKS_FOLDER_PATH}/MBProgressHUD.framework",
				"${TARGET_BUILD_DIR}/${FRAMEWORKS_FOLDER_PATH}/ProgressHUD.framework",
				"${TARGET_BUILD_DIR}/${FRAMEWORKS_FOLDER_PATH}/Protobuf.framework",
				"${TARGET_BUILD_DIR}/${FRAMEWORKS_FOLDER_PATH}/RNCryptor.framework",
				"${TARGET_BUILD_DIR}/${FRAMEWORKS_FOLDER_PATH}/Realm.framework",
				"${TARGET_BUILD_DIR}/${FRAMEWORKS_FOLDER_PATH}/RealmSwift.framework",
				"${TARGET_BUILD_DIR}/${FRAMEWORKS_FOLDER_PATH}/SCSiriWaveformView.framework",
				"${TARGET_BUILD_DIR}/${FRAMEWORKS_FOLDER_PATH}/SDWebImage.framework",
				"${TARGET_BUILD_DIR}/${FRAMEWORKS_FOLDER_PATH}/GRPCClient.framework",
				"${TARGET_BUILD_DIR}/${FRAMEWORKS_FOLDER_PATH}/grpc.framework",
				"${TARGET_BUILD_DIR}/${FRAMEWORKS_FOLDER_PATH}/ProtoRPC.framework",
				"${TARGET_BUILD_DIR}/${FRAMEWORKS_FOLDER_PATH}/RxLibrary.framework",
				"${TARGET_BUILD_DIR}/${FRAMEWORKS_FOLDER_PATH}/leveldb.framework",
				"${TARGET_BUILD_DIR}/${FRAMEWORKS_FOLDER_PATH}/nanopb.framework",
				"${TARGET_BUILD_DIR}/${FRAMEWORKS_FOLDER_PATH}/pop.framework",
			);
			runOnlyForDeploymentPostprocessing = 0;
			shellPath = /bin/sh;
			shellScript = "\"${SRCROOT}/Pods/Target Support Files/Pods-WChat/Pods-WChat-frameworks.sh\"\n";
			showEnvVarsInLog = 0;
		};
		D4300F289FD97D096F710B23 /* [CP] Check Pods Manifest.lock */ = {
			isa = PBXShellScriptBuildPhase;
			buildActionMask = 2147483647;
			files = (
			);
			inputPaths = (
				"${PODS_PODFILE_DIR_PATH}/Podfile.lock",
				"${PODS_ROOT}/Manifest.lock",
			);
			name = "[CP] Check Pods Manifest.lock";
			outputPaths = (
				"$(DERIVED_FILE_DIR)/Pods-WChat-checkManifestLockResult.txt",
			);
			runOnlyForDeploymentPostprocessing = 0;
			shellPath = /bin/sh;
			shellScript = "diff \"${PODS_PODFILE_DIR_PATH}/Podfile.lock\" \"${PODS_ROOT}/Manifest.lock\" > /dev/null\nif [ $? != 0 ] ; then\n    # print error to STDERR\n    echo \"error: The sandbox is not in sync with the Podfile.lock. Run 'pod install' or update your CocoaPods installation.\" >&2\n    exit 1\nfi\n# This output is used by Xcode 'outputs' to avoid re-running this script phase.\necho \"SUCCESS\" > \"${SCRIPT_OUTPUT_FILE_0}\"\n";
			showEnvVarsInLog = 0;
		};
/* End PBXShellScriptBuildPhase section */

/* Begin PBXSourcesBuildPhase section */
		632BE1E82051BA5800131EB6 /* Sources */ = {
			isa = PBXSourcesBuildPhase;
			buildActionMask = 2147483647;
			files = (
				639D06E3209853DE00879C3C /* AudioControllDelegate.swift in Sources */,
				6322EEA02055ABD600C74A5C /* RecentChatsTableViewCell.swift in Sources */,
				638B44CA20B03A6D00E11BE8 /* PictureMediaCollectionViewController.swift in Sources */,
				63FC55B0209F2F2E00A43237 /* FCollectionReference.swift in Sources */,
				630D254A20700A21003FAB62 /* VideoMessage.swift in Sources */,
				634553A52094830F00BB2D17 /* CallViewController.swift in Sources */,
				636C36DB208666E500D12839 /* BackgroundsCollectionViewController.swift in Sources */,
				6344EE2220544E5C009415FB /* FinishRegistrationViewController.swift in Sources */,
				6389AA71205EE699006EF77A /* GroupMemberCollectionViewCell.swift in Sources */,
				638CB03B2171F45D003C31FF /* DBMessages.swift in Sources */,
				63A51202206034A200F3EF31 /* Group.swift in Sources */,
				63F7D8A0209CD0F8004CB6BD /* Badges.swift in Sources */,
				63D492F420675FB6007C19CA /* UsersTableViewController.swift in Sources */,
				63798BED207A0793005A0061 /* ContactsViewController.swift in Sources */,
				635D8E4D20552D2A00297A0F /* UserTableViewCell.swift in Sources */,
				635D8E4F2055679100297A0F /* ChatsViewController.swift in Sources */,
				63C343572051BC7E00C6985B /* HelperFunctions.swift in Sources */,
				63F7D8A2209CE077004CB6BD /* PhoneNumberLoginViewController.swift in Sources */,
				638B44C820B039AF00E11BE8 /* PicturesCollectionViewCell.swift in Sources */,
				6344EE2520545D42009415FB /* SettingsViewController.swift in Sources */,
				639344812078BC66002BDF8A /* InviteUserTableViewController.swift in Sources */,
				635D8E5120557A2800297A0F /* ProfileViewController.swift in Sources */,
				63D492F720679945007C19CA /* ChatViewController.swift in Sources */,
				633CA5C3207BBE8F00C80C4B /* PushNotifications.swift in Sources */,
				63C343532051BBF500C6985B /* FUser.swift in Sources */,
				63E3F27120B1E10600E6E569 /* PhotoMediaItem.swift in Sources */,
				639D06E1209851E100879C3C /* SINCallKitProvider.swift in Sources */,
				63D492FD206AB13C007C19CA /* IncomingMessage.swift in Sources */,
				63843550208B748E003AA0AC /* CallTableViewController.swift in Sources */,
				6389AA73205EE6B5006EF77A /* NewGroupViewController.swift in Sources */,
				630A005F206586F300851A59 /* EditProfileTableViewController.swift in Sources */,
				63D492FB206AAC7E007C19CA /* OutgoingMessage.swift in Sources */,
				638742EA2077FB0A00B4DCB5 /* GroupViewController.swift in Sources */,
				63FFDEF12088FE33005F9033 /* BackgroundImageCollectionViewCell.swift in Sources */,
				6389AA6F20585A06006EF77A /* Recent.swift in Sources */,
				6347221020753E3400F9C17C /* MapViewController.swift in Sources */,
				63B3A0DD2196CE5F00EC2E6E /* AnimationManager.swift in Sources */,
				63798BEF207A0C95005A0061 /* CountryCode.swift in Sources */,
				6349A880208F8A1700706246 /* Encryption.swift in Sources */,
				6398B175214E3FD80073DDE2 /* PhotoAlbum.swift in Sources */,
				63D492F920696CDE007C19CA /* Camera.swift in Sources */,
				6384354E208B0EA1003AA0AC /* CallTableViewCell.swift in Sources */,
				632BE1F02051BA5800131EB6 /* AppDelegate.swift in Sources */,
				63B68E3320667EA00017B6B7 /* BlockedUsersViewController.swift in Sources */,
				63353B2D208A248600A3DAF4 /* CallClass.swift in Sources */,
				630D254820700213003FAB62 /* Downloader.swift in Sources */,
				63C343552051BC5500C6985B /* Constants.swift in Sources */,
				630D254E20709795003FAB62 /* AudioViewController.swift in Sources */,
			);
			runOnlyForDeploymentPostprocessing = 0;
		};
/* End PBXSourcesBuildPhase section */

/* Begin PBXVariantGroup section */
		632BE1F32051BA5800131EB6 /* Main.storyboard */ = {
			isa = PBXVariantGroup;
			children = (
				632BE1F42051BA5800131EB6 /* Base */,
			);
			name = Main.storyboard;
			sourceTree = "<group>";
		};
		632BE1F82051BA5800131EB6 /* LaunchScreen.storyboard */ = {
			isa = PBXVariantGroup;
			children = (
				632BE1F92051BA5800131EB6 /* Base */,
			);
			name = LaunchScreen.storyboard;
			sourceTree = "<group>";
		};
/* End PBXVariantGroup section */

/* Begin XCBuildConfiguration section */
		632BE1FC2051BA5800131EB6 /* Debug */ = {
			isa = XCBuildConfiguration;
			buildSettings = {
				ALWAYS_SEARCH_USER_PATHS = NO;
				CLANG_ANALYZER_NONNULL = YES;
				CLANG_ANALYZER_NUMBER_OBJECT_CONVERSION = YES_AGGRESSIVE;
				CLANG_CXX_LANGUAGE_STANDARD = "gnu++14";
				CLANG_CXX_LIBRARY = "libc++";
				CLANG_ENABLE_MODULES = YES;
				CLANG_ENABLE_OBJC_ARC = YES;
				CLANG_WARN_BLOCK_CAPTURE_AUTORELEASING = YES;
				CLANG_WARN_BOOL_CONVERSION = YES;
				CLANG_WARN_COMMA = YES;
				CLANG_WARN_CONSTANT_CONVERSION = YES;
				CLANG_WARN_DIRECT_OBJC_ISA_USAGE = YES_ERROR;
				CLANG_WARN_DOCUMENTATION_COMMENTS = YES;
				CLANG_WARN_EMPTY_BODY = YES;
				CLANG_WARN_ENUM_CONVERSION = YES;
				CLANG_WARN_INFINITE_RECURSION = YES;
				CLANG_WARN_INT_CONVERSION = YES;
				CLANG_WARN_NON_LITERAL_NULL_CONVERSION = YES;
				CLANG_WARN_OBJC_LITERAL_CONVERSION = YES;
				CLANG_WARN_OBJC_ROOT_CLASS = YES_ERROR;
				CLANG_WARN_RANGE_LOOP_ANALYSIS = YES;
				CLANG_WARN_STRICT_PROTOTYPES = YES;
				CLANG_WARN_SUSPICIOUS_MOVE = YES;
				CLANG_WARN_UNGUARDED_AVAILABILITY = YES_AGGRESSIVE;
				CLANG_WARN_UNREACHABLE_CODE = YES;
				CLANG_WARN__DUPLICATE_METHOD_MATCH = YES;
				CODE_SIGN_IDENTITY = "iPhone Developer";
				COPY_PHASE_STRIP = NO;
				DEBUG_INFORMATION_FORMAT = dwarf;
				ENABLE_STRICT_OBJC_MSGSEND = YES;
				ENABLE_TESTABILITY = YES;
				GCC_C_LANGUAGE_STANDARD = gnu11;
				GCC_DYNAMIC_NO_PIC = NO;
				GCC_NO_COMMON_BLOCKS = YES;
				GCC_OPTIMIZATION_LEVEL = 0;
				GCC_PREPROCESSOR_DEFINITIONS = (
					"DEBUG=1",
					"$(inherited)",
				);
				GCC_WARN_64_TO_32_BIT_CONVERSION = YES;
				GCC_WARN_ABOUT_RETURN_TYPE = YES_ERROR;
				GCC_WARN_UNDECLARED_SELECTOR = YES;
				GCC_WARN_UNINITIALIZED_AUTOS = YES_AGGRESSIVE;
				GCC_WARN_UNUSED_FUNCTION = YES;
				GCC_WARN_UNUSED_VARIABLE = YES;
				IPHONEOS_DEPLOYMENT_TARGET = 11.2;
				MTL_ENABLE_DEBUG_INFO = YES;
				ONLY_ACTIVE_ARCH = YES;
				SDKROOT = iphoneos;
				SWIFT_ACTIVE_COMPILATION_CONDITIONS = DEBUG;
				SWIFT_OPTIMIZATION_LEVEL = "-Onone";
			};
			name = Debug;
		};
		632BE1FD2051BA5800131EB6 /* Release */ = {
			isa = XCBuildConfiguration;
			buildSettings = {
				ALWAYS_SEARCH_USER_PATHS = NO;
				CLANG_ANALYZER_NONNULL = YES;
				CLANG_ANALYZER_NUMBER_OBJECT_CONVERSION = YES_AGGRESSIVE;
				CLANG_CXX_LANGUAGE_STANDARD = "gnu++14";
				CLANG_CXX_LIBRARY = "libc++";
				CLANG_ENABLE_MODULES = YES;
				CLANG_ENABLE_OBJC_ARC = YES;
				CLANG_WARN_BLOCK_CAPTURE_AUTORELEASING = YES;
				CLANG_WARN_BOOL_CONVERSION = YES;
				CLANG_WARN_COMMA = YES;
				CLANG_WARN_CONSTANT_CONVERSION = YES;
				CLANG_WARN_DIRECT_OBJC_ISA_USAGE = YES_ERROR;
				CLANG_WARN_DOCUMENTATION_COMMENTS = YES;
				CLANG_WARN_EMPTY_BODY = YES;
				CLANG_WARN_ENUM_CONVERSION = YES;
				CLANG_WARN_INFINITE_RECURSION = YES;
				CLANG_WARN_INT_CONVERSION = YES;
				CLANG_WARN_NON_LITERAL_NULL_CONVERSION = YES;
				CLANG_WARN_OBJC_LITERAL_CONVERSION = YES;
				CLANG_WARN_OBJC_ROOT_CLASS = YES_ERROR;
				CLANG_WARN_RANGE_LOOP_ANALYSIS = YES;
				CLANG_WARN_STRICT_PROTOTYPES = YES;
				CLANG_WARN_SUSPICIOUS_MOVE = YES;
				CLANG_WARN_UNGUARDED_AVAILABILITY = YES_AGGRESSIVE;
				CLANG_WARN_UNREACHABLE_CODE = YES;
				CLANG_WARN__DUPLICATE_METHOD_MATCH = YES;
				CODE_SIGN_IDENTITY = "iPhone Developer";
				COPY_PHASE_STRIP = NO;
				DEBUG_INFORMATION_FORMAT = "dwarf-with-dsym";
				ENABLE_NS_ASSERTIONS = NO;
				ENABLE_STRICT_OBJC_MSGSEND = YES;
				GCC_C_LANGUAGE_STANDARD = gnu11;
				GCC_NO_COMMON_BLOCKS = YES;
				GCC_WARN_64_TO_32_BIT_CONVERSION = YES;
				GCC_WARN_ABOUT_RETURN_TYPE = YES_ERROR;
				GCC_WARN_UNDECLARED_SELECTOR = YES;
				GCC_WARN_UNINITIALIZED_AUTOS = YES_AGGRESSIVE;
				GCC_WARN_UNUSED_FUNCTION = YES;
				GCC_WARN_UNUSED_VARIABLE = YES;
				IPHONEOS_DEPLOYMENT_TARGET = 11.2;
				MTL_ENABLE_DEBUG_INFO = NO;
				SDKROOT = iphoneos;
				SWIFT_OPTIMIZATION_LEVEL = "-Owholemodule";
				VALIDATE_PRODUCT = YES;
			};
			name = Release;
		};
		632BE1FF2051BA5800131EB6 /* Debug */ = {
			isa = XCBuildConfiguration;
			baseConfigurationReference = D352BB2F037A433C152E56AF /* Pods-WChat.debug.xcconfig */;
			buildSettings = {
				ASSETCATALOG_COMPILER_APPICON_NAME = AppIcon;
				CLANG_ENABLE_MODULES = YES;
				CODE_SIGN_ENTITLEMENTS = WChat/WChat.entitlements;
				CODE_SIGN_STYLE = Automatic;
				DEVELOPMENT_TEAM = 7P6AJEE272;
				INFOPLIST_FILE = WChat/Info.plist;
				IPHONEOS_DEPLOYMENT_TARGET = 11.3;
				LD_RUNPATH_SEARCH_PATHS = "$(inherited) @executable_path/Frameworks";
				PRODUCT_BUNDLE_IDENTIFIER = com.iosdevschool.WChat;
				PRODUCT_NAME = "$(TARGET_NAME)";
				SWIFT_OBJC_BRIDGING_HEADER = "WChat/WChat-Bridging-Header.h";
				SWIFT_OPTIMIZATION_LEVEL = "-Onone";
				SWIFT_VERSION = 4.2;
				TARGETED_DEVICE_FAMILY = "1,2";
			};
			name = Debug;
		};
		632BE2002051BA5800131EB6 /* Release */ = {
			isa = XCBuildConfiguration;
			baseConfigurationReference = D80FC7BE8A527DD068885808 /* Pods-WChat.release.xcconfig */;
			buildSettings = {
				ASSETCATALOG_COMPILER_APPICON_NAME = AppIcon;
				CLANG_ENABLE_MODULES = YES;
				CODE_SIGN_ENTITLEMENTS = WChat/WChat.entitlements;
				CODE_SIGN_STYLE = Automatic;
				DEVELOPMENT_TEAM = 7P6AJEE272;
				INFOPLIST_FILE = WChat/Info.plist;
				IPHONEOS_DEPLOYMENT_TARGET = 11.3;
				LD_RUNPATH_SEARCH_PATHS = "$(inherited) @executable_path/Frameworks";
				PRODUCT_BUNDLE_IDENTIFIER = com.iosdevschool.WChat;
				PRODUCT_NAME = "$(TARGET_NAME)";
				SWIFT_OBJC_BRIDGING_HEADER = "WChat/WChat-Bridging-Header.h";
				SWIFT_VERSION = 4.2;
				TARGETED_DEVICE_FAMILY = "1,2";
			};
			name = Release;
		};
/* End XCBuildConfiguration section */

/* Begin XCConfigurationList section */
		632BE1E72051BA5800131EB6 /* Build configuration list for PBXProject "WChat" */ = {
			isa = XCConfigurationList;
			buildConfigurations = (
				632BE1FC2051BA5800131EB6 /* Debug */,
				632BE1FD2051BA5800131EB6 /* Release */,
			);
			defaultConfigurationIsVisible = 0;
			defaultConfigurationName = Release;
		};
		632BE1FE2051BA5800131EB6 /* Build configuration list for PBXNativeTarget "WChat" */ = {
			isa = XCConfigurationList;
			buildConfigurations = (
				632BE1FF2051BA5800131EB6 /* Debug */,
				632BE2002051BA5800131EB6 /* Release */,
			);
			defaultConfigurationIsVisible = 0;
			defaultConfigurationName = Release;
		};
/* End XCConfigurationList section */
	};
	rootObject = 632BE1E42051BA5800131EB6 /* Project object */;
}
